
Microsoft Visual Studio Solution File, Format Version 12.00
# Visual Studio Version 16
VisualStudioVersion = 16.0.29418.71
MinimumVisualStudioVersion = 10.0.40219.1
Project("{FAE04EC0-301F-11D3-BF4B-00C04F79EFBC}") = "ToDoList", "ToDoList\ToDoList.csproj", "{4AC6FD01-D45C-4DEF-8161-8C39690859B9}"
EndProject
Global
	GlobalSection(SolutionConfigurationPlatforms) = preSolution
		Debug|Any CPU = Debug|Any CPU
		Release|Any CPU = Release|Any CPU
	EndGlobalSection
	GlobalSection(ProjectConfigurationPlatforms) = postSolution
		{4AC6FD01-D45C-4DEF-8161-8C39690859B9}.Debug|Any CPU.ActiveCfg = Debug|Any CPU
		{4AC6FD01-D45C-4DEF-8161-8C39690859B9}.Debug|Any CPU.Build.0 = Debug|Any CPU
		{4AC6FD01-D45C-4DEF-8161-8C39690859B9}.Release|Any CPU.ActiveCfg = Release|Any CPU
		{4AC6FD01-D45C-4DEF-8161-8C39690859B9}.Release|Any CPU.Build.0 = Release|Any CPU
	EndGlobalSection
	GlobalSection(SolutionProperties) = preSolution
		HideSolutionNode = FALSE
	EndGlobalSection
	GlobalSection(ExtensibilityGlobals) = postSolution
		SolutionGuid = {40A7D2A9-D9F4-4BF1-A92A-90B93F715D0E}
	EndGlobalSection
EndGlobal
