
Microsoft Visual Studio Solution File, Format Version 12.00
# Visual Studio Version 16
VisualStudioVersion = 16.0.30523.141
MinimumVisualStudioVersion = 10.0.40219.1
Project("{FAE04EC0-301F-11D3-BF4B-00C04F79EFBC}") = "LifeDZ", "LifeDZ\LifeDZ.csproj", "{9F627B8A-AEC1-4046-BCF4-B85E96267D07}"
EndProject
Global
	GlobalSection(SolutionConfigurationPlatforms) = preSolution
		Debug|Any CPU = Debug|Any CPU
		Release|Any CPU = Release|Any CPU
	EndGlobalSection
	GlobalSection(ProjectConfigurationPlatforms) = postSolution
		{9F627B8A-AEC1-4046-BCF4-B85E96267D07}.Debug|Any CPU.ActiveCfg = Debug|Any CPU
		{9F627B8A-AEC1-4046-BCF4-B85E96267D07}.Debug|Any CPU.Build.0 = Debug|Any CPU
		{9F627B8A-AEC1-4046-BCF4-B85E96267D07}.Release|Any CPU.ActiveCfg = Release|Any CPU
		{9F627B8A-AEC1-4046-BCF4-B85E96267D07}.Release|Any CPU.Build.0 = Release|Any CPU
	EndGlobalSection
	GlobalSection(SolutionProperties) = preSolution
		HideSolutionNode = FALSE
	EndGlobalSection
	GlobalSection(ExtensibilityGlobals) = postSolution
		SolutionGuid = {DAE5D632-D943-4AD5-AE59-B8080FB64E89}
	EndGlobalSection
EndGlobal
